
Microsoft Visual Studio Solution File, Format Version 12.00
# Visual Studio Version 17
VisualStudioVersion = 17.10.35013.160
MinimumVisualStudioVersion = 10.0.40219.1
Project("{FAE04EC0-301F-11D3-BF4B-00C04F79EFBC}") = "Topic 9 - good & bad", "Topic 9 - good & bad\Topic 9 - good & bad.csproj", "{6FDC4E98-4427-422F-861B-E8E1FF1A5093}"
EndProject
Global
	GlobalSection(SolutionConfigurationPlatforms) = preSolution
		Debug|Any CPU = Debug|Any CPU
		Release|Any CPU = Release|Any CPU
	EndGlobalSection
	GlobalSection(ProjectConfigurationPlatforms) = postSolution
		{6FDC4E98-4427-422F-861B-E8E1FF1A5093}.Debug|Any CPU.ActiveCfg = Debug|Any CPU
		{6FDC4E98-4427-422F-861B-E8E1FF1A5093}.Debug|Any CPU.Build.0 = Debug|Any CPU
		{6FDC4E98-4427-422F-861B-E8E1FF1A5093}.Release|Any CPU.ActiveCfg = Release|Any CPU
		{6FDC4E98-4427-422F-861B-E8E1FF1A5093}.Release|Any CPU.Build.0 = Release|Any CPU
	EndGlobalSection
	GlobalSection(SolutionProperties) = preSolution
		HideSolutionNode = FALSE
	EndGlobalSection
	GlobalSection(ExtensibilityGlobals) = postSolution
		SolutionGuid = {10601DCD-90E7-4F06-8378-51C632650B78}
	EndGlobalSection
EndGlobal
